
Microsoft Visual Studio Solution File, Format Version 12.00
# Visual Studio Version 17
VisualStudioVersion = 17.0.31903.59
MinimumVisualStudioVersion = 10.0.40219.1
Project("{FAE04EC0-301F-11D3-BF4B-00C04F79EFBC}") = "API", "API\API.csproj", "{E193A100-0935-4FFD-9BB6-A1159E970A22}"
EndProject
Project("{FAE04EC0-301F-11D3-BF4B-00C04F79EFBC}") = "Application", "Application\Application.csproj", "{B9DBCF5A-31E2-4B10-B4E3-08D283B38228}"
EndProject
Project("{FAE04EC0-301F-11D3-BF4B-00C04F79EFBC}") = "Domain", "Domain\Domain.csproj", "{B3FA9147-D7BC-4EAC-ABBE-02C05A41F3B0}"
EndProject
Project("{FAE04EC0-301F-11D3-BF4B-00C04F79EFBC}") = "Persistence", "Persistence\Persistence.csproj", "{C00F10C5-33F3-4DA7-8D7F-00F5B7B2556E}"
EndProject
Project("{FAE04EC0-301F-11D3-BF4B-00C04F79EFBC}") = "Infrastructure", "Infrastructure\Infrastructure.csproj", "{F7BEF56A-4A36-4688-A0E5-2D26996A2326}"
EndProject
Global
	GlobalSection(SolutionConfigurationPlatforms) = preSolution
		Debug|Any CPU = Debug|Any CPU
		Release|Any CPU = Release|Any CPU
	EndGlobalSection
	GlobalSection(SolutionProperties) = preSolution
		HideSolutionNode = FALSE
	EndGlobalSection
	GlobalSection(ProjectConfigurationPlatforms) = postSolution
		{E193A100-0935-4FFD-9BB6-A1159E970A22}.Debug|Any CPU.ActiveCfg = Debug|Any CPU
		{E193A100-0935-4FFD-9BB6-A1159E970A22}.Debug|Any CPU.Build.0 = Debug|Any CPU
		{E193A100-0935-4FFD-9BB6-A1159E970A22}.Release|Any CPU.ActiveCfg = Release|Any CPU
		{E193A100-0935-4FFD-9BB6-A1159E970A22}.Release|Any CPU.Build.0 = Release|Any CPU
		{B9DBCF5A-31E2-4B10-B4E3-08D283B38228}.Debug|Any CPU.ActiveCfg = Debug|Any CPU
		{B9DBCF5A-31E2-4B10-B4E3-08D283B38228}.Debug|Any CPU.Build.0 = Debug|Any CPU
		{B9DBCF5A-31E2-4B10-B4E3-08D283B38228}.Release|Any CPU.ActiveCfg = Release|Any CPU
		{B9DBCF5A-31E2-4B10-B4E3-08D283B38228}.Release|Any CPU.Build.0 = Release|Any CPU
		{B3FA9147-D7BC-4EAC-ABBE-02C05A41F3B0}.Debug|Any CPU.ActiveCfg = Debug|Any CPU
		{B3FA9147-D7BC-4EAC-ABBE-02C05A41F3B0}.Debug|Any CPU.Build.0 = Debug|Any CPU
		{B3FA9147-D7BC-4EAC-ABBE-02C05A41F3B0}.Release|Any CPU.ActiveCfg = Release|Any CPU
		{B3FA9147-D7BC-4EAC-ABBE-02C05A41F3B0}.Release|Any CPU.Build.0 = Release|Any CPU
		{C00F10C5-33F3-4DA7-8D7F-00F5B7B2556E}.Debug|Any CPU.ActiveCfg = Debug|Any CPU
		{C00F10C5-33F3-4DA7-8D7F-00F5B7B2556E}.Debug|Any CPU.Build.0 = Debug|Any CPU
		{C00F10C5-33F3-4DA7-8D7F-00F5B7B2556E}.Release|Any CPU.ActiveCfg = Release|Any CPU
		{C00F10C5-33F3-4DA7-8D7F-00F5B7B2556E}.Release|Any CPU.Build.0 = Release|Any CPU
		{F7BEF56A-4A36-4688-A0E5-2D26996A2326}.Debug|Any CPU.ActiveCfg = Debug|Any CPU
		{F7BEF56A-4A36-4688-A0E5-2D26996A2326}.Debug|Any CPU.Build.0 = Debug|Any CPU
		{F7BEF56A-4A36-4688-A0E5-2D26996A2326}.Release|Any CPU.ActiveCfg = Release|Any CPU
		{F7BEF56A-4A36-4688-A0E5-2D26996A2326}.Release|Any CPU.Build.0 = Release|Any CPU
	EndGlobalSection
EndGlobal
